
Microsoft Visual Studio Solution File, Format Version 12.00
# Visual Studio 14
VisualStudioVersion = 14.0.25420.1
MinimumVisualStudioVersion = 10.0.40219.1
Project("{2150E333-8FDC-42A3-9474-1A3956D46DE8}") = "Presentation", "Presentation", "{2A99A00D-8C25-448B-9377-AA1A9B807D94}"
EndProject
Project("{2150E333-8FDC-42A3-9474-1A3956D46DE8}") = "BusinessLogic", "BusinessLogic", "{F33D957C-014F-41CA-95B1-9836BF6DEED8}"
EndProject
Project("{2150E333-8FDC-42A3-9474-1A3956D46DE8}") = "Service", "Service", "{C5F7EEDF-DB5F-4727-BA17-C4D9E93CE22B}"
EndProject
Project("{2150E333-8FDC-42A3-9474-1A3956D46DE8}") = "Common", "Common", "{C09B96D1-40C4-4A41-9AB1-5747895C44B6}"
EndProject
Project("{2150E333-8FDC-42A3-9474-1A3956D46DE8}") = "DataAcces", "DataAcces", "{6164B655-941C-427C-A825-8E87C08ABE69}"
EndProject
Project("{FAE04EC0-301F-11D3-BF4B-00C04F79EFBC}") = "Abdiel.PuntoVenta.BusinessLogic", "Abdiel.PuntoVenta.BusinessLogic\Abdiel.PuntoVenta.BusinessLogic.csproj", "{C7673C26-5251-4427-B749-A079949537D2}"
EndProject
Project("{FAE04EC0-301F-11D3-BF4B-00C04F79EFBC}") = "Abdiel.PuntoVenta.BusinessLogic.Interface", "Abdiel.PuntoVentaBusinessLogic.Interface\Abdiel.PuntoVenta.BusinessLogic.Interface.csproj", "{23E99FD5-F880-44E3-8577-B005AED2DAA1}"
EndProject
Project("{2150E333-8FDC-42A3-9474-1A3956D46DE8}") = "Wcf", "Wcf", "{3295693C-9F9C-46D5-8F5C-CEBDD0DA03DE}"
EndProject
Project("{2150E333-8FDC-42A3-9474-1A3956D46DE8}") = "Ws", "Ws", "{F3D3656B-F1E9-471F-9615-5FD6E2909398}"
EndProject
Project("{2150E333-8FDC-42A3-9474-1A3956D46DE8}") = "Wapp", "Wapp", "{8E448B5A-5AD0-40A3-B200-3A9FAC05241A}"
EndProject
Project("{2150E333-8FDC-42A3-9474-1A3956D46DE8}") = "ServiceInterface", "ServiceInterface", "{639B8002-0D94-4912-B809-6A5859CF4B39}"
EndProject
Project("{FAE04EC0-301F-11D3-BF4B-00C04F79EFBC}") = "Abdiel.PuntoVenta.Service.Interface", "Abdiel.PuntoVenta.Service.Interface\Abdiel.PuntoVenta.Service.Interface.csproj", "{8AEC0659-6EEA-46E7-9398-36A167B0B1CA}"
EndProject
Project("{FAE04EC0-301F-11D3-BF4B-00C04F79EFBC}") = "Abdiel.PuntoVenta.Service.Cliente", "Abdiel.PuntoVenta.Service.Cliente\Abdiel.PuntoVenta.Service.Cliente.csproj", "{2F9D4503-ECF9-485C-93F5-E00443E08F18}"
EndProject
Project("{FAE04EC0-301F-11D3-BF4B-00C04F79EFBC}") = "Abdiel.PuntoVenta.Common.Models", "Abdiel.PuntoVenta.Common.Models\Abdiel.PuntoVenta.Common.Models.csproj", "{DAD55AE8-3B52-4DB2-961B-05487EDAF2C5}"
EndProject
Project("{FAE04EC0-301F-11D3-BF4B-00C04F79EFBC}") = "Abdiel.PuntoVenta.Common.Models.Interface", "Abdiel.PuntoVenta.Common.Models.Interface\Abdiel.PuntoVenta.Common.Models.Interface.csproj", "{0F6C3C62-7B24-4B86-83CD-9760A433689D}"
EndProject
Project("{2150E333-8FDC-42A3-9474-1A3956D46DE8}") = "Proxy", "Proxy", "{F51526E7-5444-4D0F-88FD-7AF5ECEB1915}"
EndProject
Project("{FAE04EC0-301F-11D3-BF4B-00C04F79EFBC}") = "Abdiel.PuntoVenta.Proxy", "Abdiel.PuntoVenta.Proxy\Abdiel.PuntoVenta.Proxy.csproj", "{21E8DCA3-56AA-405D-9433-7411F73E2C7E}"
EndProject
Project("{FAE04EC0-301F-11D3-BF4B-00C04F79EFBC}") = "Abdiel.PuntoVenta.Proxy.Interface", "Abdiel.PuntoVenta.Proxy.Interface\Abdiel.PuntoVenta.Proxy.Interface.csproj", "{1B7C5959-5CC0-4269-92B3-ACFE7FFFBE96}"
EndProject
Project("{2150E333-8FDC-42A3-9474-1A3956D46DE8}") = "UnitTest", "UnitTest", "{E0696AC4-B7C7-4F32-A502-CACBDA354C38}"
EndProject
Project("{FAE04EC0-301F-11D3-BF4B-00C04F79EFBC}") = "Abdiel.PuntoVenta.UnitTest.Cliente", "Abdiel.PuntoVenta.UnitTest.Cliente\Abdiel.PuntoVenta.UnitTest.Cliente.csproj", "{E1819565-AC54-49D3-A2FC-EE2BD89A431E}"
EndProject
Project("{FAE04EC0-301F-11D3-BF4B-00C04F79EFBC}") = "Abdiel.PuntoVenta.Presentation.Web", "Abdiel.PuntoVenta.Presentation.Web\Abdiel.PuntoVenta.Presentation.Web.csproj", "{DB9EFA36-9B85-4F75-A7A2-D33DDEB8A1C8}"
EndProject
Global
	GlobalSection(SolutionConfigurationPlatforms) = preSolution
		Debug|Any CPU = Debug|Any CPU
		Debug|ARM = Debug|ARM
		Debug|x64 = Debug|x64
		Debug|x86 = Debug|x86
		Release|Any CPU = Release|Any CPU
		Release|ARM = Release|ARM
		Release|x64 = Release|x64
		Release|x86 = Release|x86
	EndGlobalSection
	GlobalSection(ProjectConfigurationPlatforms) = postSolution
		{C7673C26-5251-4427-B749-A079949537D2}.Debug|Any CPU.ActiveCfg = Debug|Any CPU
		{C7673C26-5251-4427-B749-A079949537D2}.Debug|Any CPU.Build.0 = Debug|Any CPU
		{C7673C26-5251-4427-B749-A079949537D2}.Debug|ARM.ActiveCfg = Debug|Any CPU
		{C7673C26-5251-4427-B749-A079949537D2}.Debug|ARM.Build.0 = Debug|Any CPU
		{C7673C26-5251-4427-B749-A079949537D2}.Debug|x64.ActiveCfg = Debug|Any CPU
		{C7673C26-5251-4427-B749-A079949537D2}.Debug|x64.Build.0 = Debug|Any CPU
		{C7673C26-5251-4427-B749-A079949537D2}.Debug|x86.ActiveCfg = Debug|Any CPU
		{C7673C26-5251-4427-B749-A079949537D2}.Debug|x86.Build.0 = Debug|Any CPU
		{C7673C26-5251-4427-B749-A079949537D2}.Release|Any CPU.ActiveCfg = Release|Any CPU
		{C7673C26-5251-4427-B749-A079949537D2}.Release|Any CPU.Build.0 = Release|Any CPU
		{C7673C26-5251-4427-B749-A079949537D2}.Release|ARM.ActiveCfg = Release|Any CPU
		{C7673C26-5251-4427-B749-A079949537D2}.Release|ARM.Build.0 = Release|Any CPU
		{C7673C26-5251-4427-B749-A079949537D2}.Release|x64.ActiveCfg = Release|Any CPU
		{C7673C26-5251-4427-B749-A079949537D2}.Release|x64.Build.0 = Release|Any CPU
		{C7673C26-5251-4427-B749-A079949537D2}.Release|x86.ActiveCfg = Release|Any CPU
		{C7673C26-5251-4427-B749-A079949537D2}.Release|x86.Build.0 = Release|Any CPU
		{23E99FD5-F880-44E3-8577-B005AED2DAA1}.Debug|Any CPU.ActiveCfg = Debug|Any CPU
		{23E99FD5-F880-44E3-8577-B005AED2DAA1}.Debug|Any CPU.Build.0 = Debug|Any CPU
		{23E99FD5-F880-44E3-8577-B005AED2DAA1}.Debug|ARM.ActiveCfg = Debug|Any CPU
		{23E99FD5-F880-44E3-8577-B005AED2DAA1}.Debug|ARM.Build.0 = Debug|Any CPU
		{23E99FD5-F880-44E3-8577-B005AED2DAA1}.Debug|x64.ActiveCfg = Debug|Any CPU
		{23E99FD5-F880-44E3-8577-B005AED2DAA1}.Debug|x64.Build.0 = Debug|Any CPU
		{23E99FD5-F880-44E3-8577-B005AED2DAA1}.Debug|x86.ActiveCfg = Debug|Any CPU
		{23E99FD5-F880-44E3-8577-B005AED2DAA1}.Debug|x86.Build.0 = Debug|Any CPU
		{23E99FD5-F880-44E3-8577-B005AED2DAA1}.Release|Any CPU.ActiveCfg = Release|Any CPU
		{23E99FD5-F880-44E3-8577-B005AED2DAA1}.Release|Any CPU.Build.0 = Release|Any CPU
		{23E99FD5-F880-44E3-8577-B005AED2DAA1}.Release|ARM.ActiveCfg = Release|Any CPU
		{23E99FD5-F880-44E3-8577-B005AED2DAA1}.Release|ARM.Build.0 = Release|Any CPU
		{23E99FD5-F880-44E3-8577-B005AED2DAA1}.Release|x64.ActiveCfg = Release|Any CPU
		{23E99FD5-F880-44E3-8577-B005AED2DAA1}.Release|x64.Build.0 = Release|Any CPU
		{23E99FD5-F880-44E3-8577-B005AED2DAA1}.Release|x86.ActiveCfg = Release|Any CPU
		{23E99FD5-F880-44E3-8577-B005AED2DAA1}.Release|x86.Build.0 = Release|Any CPU
		{8AEC0659-6EEA-46E7-9398-36A167B0B1CA}.Debug|Any CPU.ActiveCfg = Debug|Any CPU
		{8AEC0659-6EEA-46E7-9398-36A167B0B1CA}.Debug|Any CPU.Build.0 = Debug|Any CPU
		{8AEC0659-6EEA-46E7-9398-36A167B0B1CA}.Debug|ARM.ActiveCfg = Debug|Any CPU
		{8AEC0659-6EEA-46E7-9398-36A167B0B1CA}.Debug|ARM.Build.0 = Debug|Any CPU
		{8AEC0659-6EEA-46E7-9398-36A167B0B1CA}.Debug|x64.ActiveCfg = Debug|Any CPU
		{8AEC0659-6EEA-46E7-9398-36A167B0B1CA}.Debug|x64.Build.0 = Debug|Any CPU
		{8AEC0659-6EEA-46E7-9398-36A167B0B1CA}.Debug|x86.ActiveCfg = Debug|Any CPU
		{8AEC0659-6EEA-46E7-9398-36A167B0B1CA}.Debug|x86.Build.0 = Debug|Any CPU
		{8AEC0659-6EEA-46E7-9398-36A167B0B1CA}.Release|Any CPU.ActiveCfg = Release|Any CPU
		{8AEC0659-6EEA-46E7-9398-36A167B0B1CA}.Release|Any CPU.Build.0 = Release|Any CPU
		{8AEC0659-6EEA-46E7-9398-36A167B0B1CA}.Release|ARM.ActiveCfg = Release|Any CPU
		{8AEC0659-6EEA-46E7-9398-36A167B0B1CA}.Release|ARM.Build.0 = Release|Any CPU
		{8AEC0659-6EEA-46E7-9398-36A167B0B1CA}.Release|x64.ActiveCfg = Release|Any CPU
		{8AEC0659-6EEA-46E7-9398-36A167B0B1CA}.Release|x64.Build.0 = Release|Any CPU
		{8AEC0659-6EEA-46E7-9398-36A167B0B1CA}.Release|x86.ActiveCfg = Release|Any CPU
		{8AEC0659-6EEA-46E7-9398-36A167B0B1CA}.Release|x86.Build.0 = Release|Any CPU
		{2F9D4503-ECF9-485C-93F5-E00443E08F18}.Debug|Any CPU.ActiveCfg = Debug|Any CPU
		{2F9D4503-ECF9-485C-93F5-E00443E08F18}.Debug|Any CPU.Build.0 = Debug|Any CPU
		{2F9D4503-ECF9-485C-93F5-E00443E08F18}.Debug|ARM.ActiveCfg = Debug|Any CPU
		{2F9D4503-ECF9-485C-93F5-E00443E08F18}.Debug|ARM.Build.0 = Debug|Any CPU
		{2F9D4503-ECF9-485C-93F5-E00443E08F18}.Debug|x64.ActiveCfg = Debug|Any CPU
		{2F9D4503-ECF9-485C-93F5-E00443E08F18}.Debug|x64.Build.0 = Debug|Any CPU
		{2F9D4503-ECF9-485C-93F5-E00443E08F18}.Debug|x86.ActiveCfg = Debug|Any CPU
		{2F9D4503-ECF9-485C-93F5-E00443E08F18}.Debug|x86.Build.0 = Debug|Any CPU
		{2F9D4503-ECF9-485C-93F5-E00443E08F18}.Release|Any CPU.ActiveCfg = Release|Any CPU
		{2F9D4503-ECF9-485C-93F5-E00443E08F18}.Release|Any CPU.Build.0 = Release|Any CPU
		{2F9D4503-ECF9-485C-93F5-E00443E08F18}.Release|ARM.ActiveCfg = Release|Any CPU
		{2F9D4503-ECF9-485C-93F5-E00443E08F18}.Release|ARM.Build.0 = Release|Any CPU
		{2F9D4503-ECF9-485C-93F5-E00443E08F18}.Release|x64.ActiveCfg = Release|Any CPU
		{2F9D4503-ECF9-485C-93F5-E00443E08F18}.Release|x64.Build.0 = Release|Any CPU
		{2F9D4503-ECF9-485C-93F5-E00443E08F18}.Release|x86.ActiveCfg = Release|Any CPU
		{2F9D4503-ECF9-485C-93F5-E00443E08F18}.Release|x86.Build.0 = Release|Any CPU
		{DAD55AE8-3B52-4DB2-961B-05487EDAF2C5}.Debug|Any CPU.ActiveCfg = Debug|Any CPU
		{DAD55AE8-3B52-4DB2-961B-05487EDAF2C5}.Debug|Any CPU.Build.0 = Debug|Any CPU
		{DAD55AE8-3B52-4DB2-961B-05487EDAF2C5}.Debug|ARM.ActiveCfg = Debug|Any CPU
		{DAD55AE8-3B52-4DB2-961B-05487EDAF2C5}.Debug|ARM.Build.0 = Debug|Any CPU
		{DAD55AE8-3B52-4DB2-961B-05487EDAF2C5}.Debug|x64.ActiveCfg = Debug|Any CPU
		{DAD55AE8-3B52-4DB2-961B-05487EDAF2C5}.Debug|x64.Build.0 = Debug|Any CPU
		{DAD55AE8-3B52-4DB2-961B-05487EDAF2C5}.Debug|x86.ActiveCfg = Debug|Any CPU
		{DAD55AE8-3B52-4DB2-961B-05487EDAF2C5}.Debug|x86.Build.0 = Debug|Any CPU
		{DAD55AE8-3B52-4DB2-961B-05487EDAF2C5}.Release|Any CPU.ActiveCfg = Release|Any CPU
		{DAD55AE8-3B52-4DB2-961B-05487EDAF2C5}.Release|Any CPU.Build.0 = Release|Any CPU
		{DAD55AE8-3B52-4DB2-961B-05487EDAF2C5}.Release|ARM.ActiveCfg = Release|Any CPU
		{DAD55AE8-3B52-4DB2-961B-05487EDAF2C5}.Release|ARM.Build.0 = Release|Any CPU
		{DAD55AE8-3B52-4DB2-961B-05487EDAF2C5}.Release|x64.ActiveCfg = Release|Any CPU
		{DAD55AE8-3B52-4DB2-961B-05487EDAF2C5}.Release|x64.Build.0 = Release|Any CPU
		{DAD55AE8-3B52-4DB2-961B-05487EDAF2C5}.Release|x86.ActiveCfg = Release|Any CPU
		{DAD55AE8-3B52-4DB2-961B-05487EDAF2C5}.Release|x86.Build.0 = Release|Any CPU
		{0F6C3C62-7B24-4B86-83CD-9760A433689D}.Debug|Any CPU.ActiveCfg = Debug|Any CPU
		{0F6C3C62-7B24-4B86-83CD-9760A433689D}.Debug|Any CPU.Build.0 = Debug|Any CPU
		{0F6C3C62-7B24-4B86-83CD-9760A433689D}.Debug|ARM.ActiveCfg = Debug|Any CPU
		{0F6C3C62-7B24-4B86-83CD-9760A433689D}.Debug|ARM.Build.0 = Debug|Any CPU
		{0F6C3C62-7B24-4B86-83CD-9760A433689D}.Debug|x64.ActiveCfg = Debug|Any CPU
		{0F6C3C62-7B24-4B86-83CD-9760A433689D}.Debug|x64.Build.0 = Debug|Any CPU
		{0F6C3C62-7B24-4B86-83CD-9760A433689D}.Debug|x86.ActiveCfg = Debug|Any CPU
		{0F6C3C62-7B24-4B86-83CD-9760A433689D}.Debug|x86.Build.0 = Debug|Any CPU
		{0F6C3C62-7B24-4B86-83CD-9760A433689D}.Release|Any CPU.ActiveCfg = Release|Any CPU
		{0F6C3C62-7B24-4B86-83CD-9760A433689D}.Release|Any CPU.Build.0 = Release|Any CPU
		{0F6C3C62-7B24-4B86-83CD-9760A433689D}.Release|ARM.ActiveCfg = Release|Any CPU
		{0F6C3C62-7B24-4B86-83CD-9760A433689D}.Release|ARM.Build.0 = Release|Any CPU
		{0F6C3C62-7B24-4B86-83CD-9760A433689D}.Release|x64.ActiveCfg = Release|Any CPU
		{0F6C3C62-7B24-4B86-83CD-9760A433689D}.Release|x64.Build.0 = Release|Any CPU
		{0F6C3C62-7B24-4B86-83CD-9760A433689D}.Release|x86.ActiveCfg = Release|Any CPU
		{0F6C3C62-7B24-4B86-83CD-9760A433689D}.Release|x86.Build.0 = Release|Any CPU
		{21E8DCA3-56AA-405D-9433-7411F73E2C7E}.Debug|Any CPU.ActiveCfg = Debug|Any CPU
		{21E8DCA3-56AA-405D-9433-7411F73E2C7E}.Debug|Any CPU.Build.0 = Debug|Any CPU
		{21E8DCA3-56AA-405D-9433-7411F73E2C7E}.Debug|ARM.ActiveCfg = Debug|Any CPU
		{21E8DCA3-56AA-405D-9433-7411F73E2C7E}.Debug|ARM.Build.0 = Debug|Any CPU
		{21E8DCA3-56AA-405D-9433-7411F73E2C7E}.Debug|x64.ActiveCfg = Debug|Any CPU
		{21E8DCA3-56AA-405D-9433-7411F73E2C7E}.Debug|x64.Build.0 = Debug|Any CPU
		{21E8DCA3-56AA-405D-9433-7411F73E2C7E}.Debug|x86.ActiveCfg = Debug|Any CPU
		{21E8DCA3-56AA-405D-9433-7411F73E2C7E}.Debug|x86.Build.0 = Debug|Any CPU
		{21E8DCA3-56AA-405D-9433-7411F73E2C7E}.Release|Any CPU.ActiveCfg = Release|Any CPU
		{21E8DCA3-56AA-405D-9433-7411F73E2C7E}.Release|Any CPU.Build.0 = Release|Any CPU
		{21E8DCA3-56AA-405D-9433-7411F73E2C7E}.Release|ARM.ActiveCfg = Release|Any CPU
		{21E8DCA3-56AA-405D-9433-7411F73E2C7E}.Release|ARM.Build.0 = Release|Any CPU
		{21E8DCA3-56AA-405D-9433-7411F73E2C7E}.Release|x64.ActiveCfg = Release|Any CPU
		{21E8DCA3-56AA-405D-9433-7411F73E2C7E}.Release|x64.Build.0 = Release|Any CPU
		{21E8DCA3-56AA-405D-9433-7411F73E2C7E}.Release|x86.ActiveCfg = Release|Any CPU
		{21E8DCA3-56AA-405D-9433-7411F73E2C7E}.Release|x86.Build.0 = Release|Any CPU
		{1B7C5959-5CC0-4269-92B3-ACFE7FFFBE96}.Debug|Any CPU.ActiveCfg = Debug|Any CPU
		{1B7C5959-5CC0-4269-92B3-ACFE7FFFBE96}.Debug|Any CPU.Build.0 = Debug|Any CPU
		{1B7C5959-5CC0-4269-92B3-ACFE7FFFBE96}.Debug|ARM.ActiveCfg = Debug|Any CPU
		{1B7C5959-5CC0-4269-92B3-ACFE7FFFBE96}.Debug|ARM.Build.0 = Debug|Any CPU
		{1B7C5959-5CC0-4269-92B3-ACFE7FFFBE96}.Debug|x64.ActiveCfg = Debug|Any CPU
		{1B7C5959-5CC0-4269-92B3-ACFE7FFFBE96}.Debug|x64.Build.0 = Debug|Any CPU
		{1B7C5959-5CC0-4269-92B3-ACFE7FFFBE96}.Debug|x86.ActiveCfg = Debug|Any CPU
		{1B7C5959-5CC0-4269-92B3-ACFE7FFFBE96}.Debug|x86.Build.0 = Debug|Any CPU
		{1B7C5959-5CC0-4269-92B3-ACFE7FFFBE96}.Release|Any CPU.ActiveCfg = Release|Any CPU
		{1B7C5959-5CC0-4269-92B3-ACFE7FFFBE96}.Release|Any CPU.Build.0 = Release|Any CPU
		{1B7C5959-5CC0-4269-92B3-ACFE7FFFBE96}.Release|ARM.ActiveCfg = Release|Any CPU
		{1B7C5959-5CC0-4269-92B3-ACFE7FFFBE96}.Release|ARM.Build.0 = Release|Any CPU
		{1B7C5959-5CC0-4269-92B3-ACFE7FFFBE96}.Release|x64.ActiveCfg = Release|Any CPU
		{1B7C5959-5CC0-4269-92B3-ACFE7FFFBE96}.Release|x64.Build.0 = Release|Any CPU
		{1B7C5959-5CC0-4269-92B3-ACFE7FFFBE96}.Release|x86.ActiveCfg = Release|Any CPU
		{1B7C5959-5CC0-4269-92B3-ACFE7FFFBE96}.Release|x86.Build.0 = Release|Any CPU
		{E1819565-AC54-49D3-A2FC-EE2BD89A431E}.Debug|Any CPU.ActiveCfg = Debug|Any CPU
		{E1819565-AC54-49D3-A2FC-EE2BD89A431E}.Debug|Any CPU.Build.0 = Debug|Any CPU
		{E1819565-AC54-49D3-A2FC-EE2BD89A431E}.Debug|ARM.ActiveCfg = Debug|Any CPU
		{E1819565-AC54-49D3-A2FC-EE2BD89A431E}.Debug|ARM.Build.0 = Debug|Any CPU
		{E1819565-AC54-49D3-A2FC-EE2BD89A431E}.Debug|x64.ActiveCfg = Debug|Any CPU
		{E1819565-AC54-49D3-A2FC-EE2BD89A431E}.Debug|x64.Build.0 = Debug|Any CPU
		{E1819565-AC54-49D3-A2FC-EE2BD89A431E}.Debug|x86.ActiveCfg = Debug|Any CPU
		{E1819565-AC54-49D3-A2FC-EE2BD89A431E}.Debug|x86.Build.0 = Debug|Any CPU
		{E1819565-AC54-49D3-A2FC-EE2BD89A431E}.Release|Any CPU.ActiveCfg = Release|Any CPU
		{E1819565-AC54-49D3-A2FC-EE2BD89A431E}.Release|Any CPU.Build.0 = Release|Any CPU
		{E1819565-AC54-49D3-A2FC-EE2BD89A431E}.Release|ARM.ActiveCfg = Release|Any CPU
		{E1819565-AC54-49D3-A2FC-EE2BD89A431E}.Release|ARM.Build.0 = Release|Any CPU
		{E1819565-AC54-49D3-A2FC-EE2BD89A431E}.Release|x64.ActiveCfg = Release|Any CPU
		{E1819565-AC54-49D3-A2FC-EE2BD89A431E}.Release|x64.Build.0 = Release|Any CPU
		{E1819565-AC54-49D3-A2FC-EE2BD89A431E}.Release|x86.ActiveCfg = Release|Any CPU
		{E1819565-AC54-49D3-A2FC-EE2BD89A431E}.Release|x86.Build.0 = Release|Any CPU
		{DB9EFA36-9B85-4F75-A7A2-D33DDEB8A1C8}.Debug|Any CPU.ActiveCfg = Debug|Any CPU
		{DB9EFA36-9B85-4F75-A7A2-D33DDEB8A1C8}.Debug|Any CPU.Build.0 = Debug|Any CPU
		{DB9EFA36-9B85-4F75-A7A2-D33DDEB8A1C8}.Debug|ARM.ActiveCfg = Debug|Any CPU
		{DB9EFA36-9B85-4F75-A7A2-D33DDEB8A1C8}.Debug|ARM.Build.0 = Debug|Any CPU
		{DB9EFA36-9B85-4F75-A7A2-D33DDEB8A1C8}.Debug|x64.ActiveCfg = Debug|Any CPU
		{DB9EFA36-9B85-4F75-A7A2-D33DDEB8A1C8}.Debug|x64.Build.0 = Debug|Any CPU
		{DB9EFA36-9B85-4F75-A7A2-D33DDEB8A1C8}.Debug|x86.ActiveCfg = Debug|Any CPU
		{DB9EFA36-9B85-4F75-A7A2-D33DDEB8A1C8}.Debug|x86.Build.0 = Debug|Any CPU
		{DB9EFA36-9B85-4F75-A7A2-D33DDEB8A1C8}.Release|Any CPU.ActiveCfg = Release|Any CPU
		{DB9EFA36-9B85-4F75-A7A2-D33DDEB8A1C8}.Release|Any CPU.Build.0 = Release|Any CPU
		{DB9EFA36-9B85-4F75-A7A2-D33DDEB8A1C8}.Release|ARM.ActiveCfg = Release|Any CPU
		{DB9EFA36-9B85-4F75-A7A2-D33DDEB8A1C8}.Release|ARM.Build.0 = Release|Any CPU
		{DB9EFA36-9B85-4F75-A7A2-D33DDEB8A1C8}.Release|x64.ActiveCfg = Release|Any CPU
		{DB9EFA36-9B85-4F75-A7A2-D33DDEB8A1C8}.Release|x64.Build.0 = Release|Any CPU
		{DB9EFA36-9B85-4F75-A7A2-D33DDEB8A1C8}.Release|x86.ActiveCfg = Release|Any CPU
		{DB9EFA36-9B85-4F75-A7A2-D33DDEB8A1C8}.Release|x86.Build.0 = Release|Any CPU
	EndGlobalSection
	GlobalSection(SolutionProperties) = preSolution
		HideSolutionNode = FALSE
	EndGlobalSection
	GlobalSection(NestedProjects) = preSolution
		{C7673C26-5251-4427-B749-A079949537D2} = {F33D957C-014F-41CA-95B1-9836BF6DEED8}
		{23E99FD5-F880-44E3-8577-B005AED2DAA1} = {F33D957C-014F-41CA-95B1-9836BF6DEED8}
		{3295693C-9F9C-46D5-8F5C-CEBDD0DA03DE} = {C5F7EEDF-DB5F-4727-BA17-C4D9E93CE22B}
		{F3D3656B-F1E9-471F-9615-5FD6E2909398} = {C5F7EEDF-DB5F-4727-BA17-C4D9E93CE22B}
		{8E448B5A-5AD0-40A3-B200-3A9FAC05241A} = {C5F7EEDF-DB5F-4727-BA17-C4D9E93CE22B}
		{639B8002-0D94-4912-B809-6A5859CF4B39} = {C5F7EEDF-DB5F-4727-BA17-C4D9E93CE22B}
		{8AEC0659-6EEA-46E7-9398-36A167B0B1CA} = {639B8002-0D94-4912-B809-6A5859CF4B39}
		{2F9D4503-ECF9-485C-93F5-E00443E08F18} = {3295693C-9F9C-46D5-8F5C-CEBDD0DA03DE}
		{DAD55AE8-3B52-4DB2-961B-05487EDAF2C5} = {C09B96D1-40C4-4A41-9AB1-5747895C44B6}
		{0F6C3C62-7B24-4B86-83CD-9760A433689D} = {C09B96D1-40C4-4A41-9AB1-5747895C44B6}
		{21E8DCA3-56AA-405D-9433-7411F73E2C7E} = {F51526E7-5444-4D0F-88FD-7AF5ECEB1915}
		{1B7C5959-5CC0-4269-92B3-ACFE7FFFBE96} = {F51526E7-5444-4D0F-88FD-7AF5ECEB1915}
		{E1819565-AC54-49D3-A2FC-EE2BD89A431E} = {E0696AC4-B7C7-4F32-A502-CACBDA354C38}
		{DB9EFA36-9B85-4F75-A7A2-D33DDEB8A1C8} = {2A99A00D-8C25-448B-9377-AA1A9B807D94}
	EndGlobalSection
EndGlobal
