
Microsoft Visual Studio Solution File, Format Version 12.00
# Visual Studio 14
VisualStudioVersion = 14.0.25420.1
MinimumVisualStudioVersion = 10.0.40219.1
Project("{FAE04EC0-301F-11D3-BF4B-00C04F79EFBC}") = "PUNTODEVENTA.Presentacion.Web", "PUNTODEVENTA\PUNTODEVENTA.Presentacion.Web.csproj", "{5A6261B2-514B-4F9E-B741-E9F5363930E0}"
EndProject
Project("{2150E333-8FDC-42A3-9474-1A3956D46DE8}") = "Presentacion", "Presentacion", "{2A99A00D-8C25-448B-9377-AA1A9B807D94}"
EndProject
Global
	GlobalSection(SolutionConfigurationPlatforms) = preSolution
		Debug|Any CPU = Debug|Any CPU
		Release|Any CPU = Release|Any CPU
	EndGlobalSection
	GlobalSection(ProjectConfigurationPlatforms) = postSolution
		{5A6261B2-514B-4F9E-B741-E9F5363930E0}.Debug|Any CPU.ActiveCfg = Debug|Any CPU
		{5A6261B2-514B-4F9E-B741-E9F5363930E0}.Debug|Any CPU.Build.0 = Debug|Any CPU
		{5A6261B2-514B-4F9E-B741-E9F5363930E0}.Release|Any CPU.ActiveCfg = Release|Any CPU
		{5A6261B2-514B-4F9E-B741-E9F5363930E0}.Release|Any CPU.Build.0 = Release|Any CPU
	EndGlobalSection
	GlobalSection(SolutionProperties) = preSolution
		HideSolutionNode = FALSE
	EndGlobalSection
	GlobalSection(NestedProjects) = preSolution
		{5A6261B2-514B-4F9E-B741-E9F5363930E0} = {2A99A00D-8C25-448B-9377-AA1A9B807D94}
	EndGlobalSection
EndGlobal
